// !$*UTF8*$!
{
	archiveVersion = 1;
	classes = {
	};
	objectVersion = 77;
	objects = {

/* Begin PBXBuildFile section */
		17ECAEDA79AA96AB3E93D3F8 /* OfflineView.swift in Sources */ = {isa = PBXBuildFile; fileRef = ECD8509E872325D236CBEA52 /* OfflineView.swift */; };
		214254BC3A364355AA2943EB /* Assets.xcassets in Resources */ = {isa = PBXBuildFile; fileRef = ED023284C35204DA04CB1A7B /* Assets.xcassets */; };
		25A695E8E59F4B7C0095BAF7 /* SceneDelegate.swift in Sources */ = {isa = PBXBuildFile; fileRef = AAFF38A1B02C3ED7C556DCAC /* SceneDelegate.swift */; };
		674EA20731068F56EB9ADFA6 /* WebViewController.swift in Sources */ = {isa = PBXBuildFile; fileRef = 55C5AFB4F27D62FFFA5109D6 /* WebViewController.swift */; };
		6B157BD7921062CFF2418348 /* AppDelegate.swift in Sources */ = {isa = PBXBuildFile; fileRef = 6CD824D584553F2BD90DA7F4 /* AppDelegate.swift */; };
		970395F83535992CD6D461A8 /* FirebaseMessaging in Frameworks */ = {isa = PBXBuildFile; productRef = A9F9507874855F21657A0E3E /* FirebaseMessaging */; };
		B08DC45F18BB26DA862520B0 /* LaunchScreen.storyboard in Resources */ = {isa = PBXBuildFile; fileRef = AD00C39FED4D19FAEB4B6164 /* LaunchScreen.storyboard */; };
		B300C52CF8CEA05EF9EEFAC7 /* GoogleService-Info.plist in Resources */ = {isa = PBXBuildFile; fileRef = 44BBAFADA8A9C2E192DDBE3E /* GoogleService-Info.plist */; };
/* End PBXBuildFile section */

/* Begin PBXFileReference section */
		44BBAFADA8A9C2E192DDBE3E /* GoogleService-Info.plist */ = {isa = PBXFileReference; lastKnownFileType = text.plist; path = "GoogleService-Info.plist"; sourceTree = "<group>"; };
		55C5AFB4F27D62FFFA5109D6 /* WebViewController.swift */ = {isa = PBXFileReference; lastKnownFileType = sourcecode.swift; path = WebViewController.swift; sourceTree = "<group>"; };
		6C21FE10CB11DB1337E80718 /* Mayalogy.entitlements */ = {isa = PBXFileReference; lastKnownFileType = text.plist.entitlements; path = Mayalogy.entitlements; sourceTree = "<group>"; };
		6CD824D584553F2BD90DA7F4 /* AppDelegate.swift */ = {isa = PBXFileReference; lastKnownFileType = sourcecode.swift; path = AppDelegate.swift; sourceTree = "<group>"; };
		90C491C8A1C6CE2422F2611B /* Info.plist */ = {isa = PBXFileReference; lastKnownFileType = text.plist; path = Info.plist; sourceTree = "<group>"; };
		A76F259BAD6219945E59150C /* Mayalogy.app */ = {isa = PBXFileReference; includeInIndex = 0; lastKnownFileType = wrapper.application; path = Mayalogy.app; sourceTree = BUILT_PRODUCTS_DIR; };
		AAFF38A1B02C3ED7C556DCAC /* SceneDelegate.swift */ = {isa = PBXFileReference; lastKnownFileType = sourcecode.swift; path = SceneDelegate.swift; sourceTree = "<group>"; };
		AD00C39FED4D19FAEB4B6164 /* LaunchScreen.storyboard */ = {isa = PBXFileReference; lastKnownFileType = file.storyboard; path = LaunchScreen.storyboard; sourceTree = "<group>"; };
		ECD8509E872325D236CBEA52 /* OfflineView.swift */ = {isa = PBXFileReference; lastKnownFileType = sourcecode.swift; path = OfflineView.swift; sourceTree = "<group>"; };
		ED023284C35204DA04CB1A7B /* Assets.xcassets */ = {isa = PBXFileReference; lastKnownFileType = folder.assetcatalog; path = Assets.xcassets; sourceTree = "<group>"; };
/* End PBXFileReference section */

/* Begin PBXFrameworksBuildPhase section */
		448CCE5DAD6889B09B58892E /* Frameworks */ = {
			isa = PBXFrameworksBuildPhase;
			buildActionMask = 2147483647;
			files = (
				970395F83535992CD6D461A8 /* FirebaseMessaging in Frameworks */,
			);
			runOnlyForDeploymentPostprocessing = 0;
		};
/* End PBXFrameworksBuildPhase section */

/* Begin PBXGroup section */
		89B91BD535625513BD3E3B96 /* Resources */ = {
			isa = PBXGroup;
			children = (
				ED023284C35204DA04CB1A7B /* Assets.xcassets */,
				44BBAFADA8A9C2E192DDBE3E /* GoogleService-Info.plist */,
				AD00C39FED4D19FAEB4B6164 /* LaunchScreen.storyboard */,
			);
			path = Resources;
			sourceTree = "<group>";
		};
		8E14CF7E8BBC54CB668ABFF0 = {
			isa = PBXGroup;
			children = (
				BC684A422A895D7B2B92EB22 /* Mayalogy */,
				DDEE3981B66B8B6B66074615 /* Products */,
			);
			sourceTree = "<group>";
		};
		BC684A422A895D7B2B92EB22 /* Mayalogy */ = {
			isa = PBXGroup;
			children = (
				89B91BD535625513BD3E3B96 /* Resources */,
				6CD824D584553F2BD90DA7F4 /* AppDelegate.swift */,
				90C491C8A1C6CE2422F2611B /* Info.plist */,
				6C21FE10CB11DB1337E80718 /* Mayalogy.entitlements */,
				ECD8509E872325D236CBEA52 /* OfflineView.swift */,
				AAFF38A1B02C3ED7C556DCAC /* SceneDelegate.swift */,
				55C5AFB4F27D62FFFA5109D6 /* WebViewController.swift */,
			);
			path = Mayalogy;
			sourceTree = "<group>";
		};
		DDEE3981B66B8B6B66074615 /* Products */ = {
			isa = PBXGroup;
			children = (
				A76F259BAD6219945E59150C /* Mayalogy.app */,
			);
			name = Products;
			sourceTree = "<group>";
		};
/* End PBXGroup section */

/* Begin PBXNativeTarget section */
		91BC8070709D6B75BAB00D40 /* Mayalogy */ = {
			isa = PBXNativeTarget;
			buildConfigurationList = 4A938D4BD7D735D512EB3A4B /* Build configuration list for PBXNativeTarget "Mayalogy" */;
			buildPhases = (
				EE600F566D7A6F35FDC572E7 /* Sources */,
				60C43DBE51CB3C9E5CE4DD4A /* Resources */,
				448CCE5DAD6889B09B58892E /* Frameworks */,
			);
			buildRules = (
			);
			dependencies = (
			);
			name = Mayalogy;
			packageProductDependencies = (
				A9F9507874855F21657A0E3E /* FirebaseMessaging */,
			);
			productName = Mayalogy;
			productReference = A76F259BAD6219945E59150C /* Mayalogy.app */;
			productType = "com.apple.product-type.application";
		};
/* End PBXNativeTarget section */

/* Begin PBXProject section */
		23AF06D111B26DFB4FF6930E /* Project object */ = {
			isa = PBXProject;
			attributes = {
				BuildIndependentTargetsInParallel = YES;
				LastUpgradeCheck = 1430;
				TargetAttributes = {
					91BC8070709D6B75BAB00D40 = {
						DevelopmentTeam = 37R3XLT7BG;
						ProvisioningStyle = Automatic;
					};
				};
			};
			buildConfigurationList = 25B59FF1359C601F28D5B666 /* Build configuration list for PBXProject "Mayalogy" */;
			developmentRegion = en;
			hasScannedForEncodings = 0;
			knownRegions = (
				Base,
				en,
			);
			mainGroup = 8E14CF7E8BBC54CB668ABFF0;
			minimizedProjectReferenceProxies = 1;
			packageReferences = (
				67CE8D094D83B7E72328E16C /* XCRemoteSwiftPackageReference "firebase-ios-sdk" */,
			);
			preferredProjectObjectVersion = 77;
			productRefGroup = DDEE3981B66B8B6B66074615 /* Products */;
			projectDirPath = "";
			projectRoot = "";
			targets = (
				91BC8070709D6B75BAB00D40 /* Mayalogy */,
			);
		};
/* End PBXProject section */

/* Begin PBXResourcesBuildPhase section */
		60C43DBE51CB3C9E5CE4DD4A /* Resources */ = {
			isa = PBXResourcesBuildPhase;
			buildActionMask = 2147483647;
			files = (
				214254BC3A364355AA2943EB /* Assets.xcassets in Resources */,
				B300C52CF8CEA05EF9EEFAC7 /* GoogleService-Info.plist in Resources */,
				B08DC45F18BB26DA862520B0 /* LaunchScreen.storyboard in Resources */,
			);
			runOnlyForDeploymentPostprocessing = 0;
		};
/* End PBXResourcesBuildPhase section */

/* Begin PBXSourcesBuildPhase section */
		EE600F566D7A6F35FDC572E7 /* Sources */ = {
			isa = PBXSourcesBuildPhase;
			buildActionMask = 2147483647;
			files = (
				6B157BD7921062CFF2418348 /* AppDelegate.swift in Sources */,
				17ECAEDA79AA96AB3E93D3F8 /* OfflineView.swift in Sources */,
				25A695E8E59F4B7C0095BAF7 /* SceneDelegate.swift in Sources */,
				674EA20731068F56EB9ADFA6 /* WebViewController.swift in Sources */,
			);
			runOnlyForDeploymentPostprocessing = 0;
		};
/* End PBXSourcesBuildPhase section */

/* Begin XCBuildConfiguration section */
		006909D1FE093B3FD3D54E86 /* Debug */ = {
			isa = XCBuildConfiguration;
			buildSettings = {
				ASSETCATALOG_COMPILER_APPICON_NAME = AppIcon;
				ASSETCATALOG_COMPILER_GLOBAL_ACCENT_COLOR_NAME = AccentColor;
				CODE_SIGN_ENTITLEMENTS = Mayalogy/Mayalogy.entitlements;
				CODE_SIGN_IDENTITY = "iPhone Developer";
				GENERATE_INFOPLIST_FILE = NO;
				INFOPLIST_FILE = Mayalogy/Info.plist;
				INFOPLIST_KEY_UILaunchStoryboardName = LaunchScreen;
				IPHONEOS_DEPLOYMENT_TARGET = 15.0;
				LD_RUNPATH_SEARCH_PATHS = (
					"$(inherited)",
					"@executable_path/Frameworks",
				);
				PRODUCT_BUNDLE_IDENTIFIER = com.maya.astrology;
				SDKROOT = iphoneos;
				TARGETED_DEVICE_FAMILY = "1,2";
			};
			name = Debug;
		};
		1D8E7BCEFB87AE6D70A46681 /* Debug */ = {
			isa = XCBuildConfiguration;
			buildSettings = {
				ALWAYS_SEARCH_USER_PATHS = NO;
				CLANG_ANALYZER_NONNULL = YES;
				CLANG_ANALYZER_NUMBER_OBJECT_CONVERSION = YES_AGGRESSIVE;
				CLANG_CXX_LANGUAGE_STANDARD = "gnu++14";
				CLANG_CXX_LIBRARY = "libc++";
				CLANG_ENABLE_MODULES = YES;
				CLANG_ENABLE_OBJC_ARC = YES;
				CLANG_ENABLE_OBJC_WEAK = YES;
				CLANG_WARN_BLOCK_CAPTURE_AUTORELEASING = YES;
				CLANG_WARN_BOOL_CONVERSION = YES;
				CLANG_WARN_COMMA = YES;
				CLANG_WARN_CONSTANT_CONVERSION = YES;
				CLANG_WARN_DEPRECATED_OBJC_IMPLEMENTATIONS = YES;
				CLANG_WARN_DIRECT_OBJC_ISA_USAGE = YES_ERROR;
				CLANG_WARN_DOCUMENTATION_COMMENTS = YES;
				CLANG_WARN_EMPTY_BODY = YES;
				CLANG_WARN_ENUM_CONVERSION = YES;
				CLANG_WARN_INFINITE_RECURSION = YES;
				CLANG_WARN_INT_CONVERSION = YES;
				CLANG_WARN_NON_LITERAL_NULL_CONVERSION = YES;
				CLANG_WARN_OBJC_IMPLICIT_RETAIN_SELF = YES;
				CLANG_WARN_OBJC_LITERAL_CONVERSION = YES;
				CLANG_WARN_OBJC_ROOT_CLASS = YES_ERROR;
				CLANG_WARN_QUOTED_INCLUDE_IN_FRAMEWORK_HEADER = YES;
				CLANG_WARN_RANGE_LOOP_ANALYSIS = YES;
				CLANG_WARN_STRICT_PROTOTYPES = YES;
				CLANG_WARN_SUSPICIOUS_MOVE = YES;
				CLANG_WARN_UNGUARDED_AVAILABILITY = YES_AGGRESSIVE;
				CLANG_WARN_UNREACHABLE_CODE = YES;
				CLANG_WARN__DUPLICATE_METHOD_MATCH = YES;
				CODE_SIGN_STYLE = Automatic;
				COPY_PHASE_STRIP = NO;
				DEBUG_INFORMATION_FORMAT = dwarf;
				DEVELOPMENT_TEAM = 37R3XLT7BG;
				ENABLE_BITCODE = NO;
				ENABLE_STRICT_OBJC_MSGSEND = YES;
				ENABLE_TESTABILITY = YES;
				GCC_C_LANGUAGE_STANDARD = gnu11;
				GCC_DYNAMIC_NO_PIC = NO;
				GCC_NO_COMMON_BLOCKS = YES;
				GCC_OPTIMIZATION_LEVEL = 0;
				GCC_PREPROCESSOR_DEFINITIONS = (
					"$(inherited)",
					"DEBUG=1",
				);
				GCC_WARN_64_TO_32_BIT_CONVERSION = YES;
				GCC_WARN_ABOUT_RETURN_TYPE = YES_ERROR;
				GCC_WARN_UNDECLARED_SELECTOR = YES;
				GCC_WARN_UNINITIALIZED_AUTOS = YES_AGGRESSIVE;
				GCC_WARN_UNUSED_FUNCTION = YES;
				GCC_WARN_UNUSED_VARIABLE = YES;
				IPHONEOS_DEPLOYMENT_TARGET = 15.0;
				MTL_ENABLE_DEBUG_INFO = INCLUDE_SOURCE;
				MTL_FAST_MATH = YES;
				ONLY_ACTIVE_ARCH = YES;
				PRODUCT_NAME = "$(TARGET_NAME)";
				SDKROOT = iphoneos;
				SWIFT_ACTIVE_COMPILATION_CONDITIONS = DEBUG;
				SWIFT_OPTIMIZATION_LEVEL = "-Onone";
				SWIFT_VERSION = 5.0;
				TARGETED_DEVICE_FAMILY = "1,2";
			};
			name = Debug;
		};
		3836079112FFE2005C768273 /* Release */ = {
			isa = XCBuildConfiguration;
			buildSettings = {
				ALWAYS_SEARCH_USER_PATHS = NO;
				CLANG_ANALYZER_NONNULL = YES;
				CLANG_ANALYZER_NUMBER_OBJECT_CONVERSION = YES_AGGRESSIVE;
				CLANG_CXX_LANGUAGE_STANDARD = "gnu++14";
				CLANG_CXX_LIBRARY = "libc++";
				CLANG_ENABLE_MODULES = YES;
				CLANG_ENABLE_OBJC_ARC = YES;
				CLANG_ENABLE_OBJC_WEAK = YES;
				CLANG_WARN_BLOCK_CAPTURE_AUTORELEASING = YES;
				CLANG_WARN_BOOL_CONVERSION = YES;
				CLANG_WARN_COMMA = YES;
				CLANG_WARN_CONSTANT_CONVERSION = YES;
				CLANG_WARN_DEPRECATED_OBJC_IMPLEMENTATIONS = YES;
				CLANG_WARN_DIRECT_OBJC_ISA_USAGE = YES_ERROR;
				CLANG_WARN_DOCUMENTATION_COMMENTS = YES;
				CLANG_WARN_EMPTY_BODY = YES;
				CLANG_WARN_ENUM_CONVERSION = YES;
				CLANG_WARN_INFINITE_RECURSION = YES;
				CLANG_WARN_INT_CONVERSION = YES;
				CLANG_WARN_NON_LITERAL_NULL_CONVERSION = YES;
				CLANG_WARN_OBJC_IMPLICIT_RETAIN_SELF = YES;
				CLANG_WARN_OBJC_LITERAL_CONVERSION = YES;
				CLANG_WARN_OBJC_ROOT_CLASS = YES_ERROR;
				CLANG_WARN_QUOTED_INCLUDE_IN_FRAMEWORK_HEADER = YES;
				CLANG_WARN_RANGE_LOOP_ANALYSIS = YES;
				CLANG_WARN_STRICT_PROTOTYPES = YES;
				CLANG_WARN_SUSPICIOUS_MOVE = YES;
				CLANG_WARN_UNGUARDED_AVAILABILITY = YES_AGGRESSIVE;
				CLANG_WARN_UNREACHABLE_CODE = YES;
				CLANG_WARN__DUPLICATE_METHOD_MATCH = YES;
				CODE_SIGN_STYLE = Automatic;
				COPY_PHASE_STRIP = NO;
				DEBUG_INFORMATION_FORMAT = "dwarf-with-dsym";
				DEVELOPMENT_TEAM = 37R3XLT7BG;
				ENABLE_BITCODE = NO;
				ENABLE_NS_ASSERTIONS = NO;
				ENABLE_STRICT_OBJC_MSGSEND = YES;
				GCC_C_LANGUAGE_STANDARD = gnu11;
				GCC_NO_COMMON_BLOCKS = YES;
				GCC_WARN_64_TO_32_BIT_CONVERSION = YES;
				GCC_WARN_ABOUT_RETURN_TYPE = YES_ERROR;
				GCC_WARN_UNDECLARED_SELECTOR = YES;
				GCC_WARN_UNINITIALIZED_AUTOS = YES_AGGRESSIVE;
				GCC_WARN_UNUSED_FUNCTION = YES;
				GCC_WARN_UNUSED_VARIABLE = YES;
				IPHONEOS_DEPLOYMENT_TARGET = 15.0;
				MTL_ENABLE_DEBUG_INFO = NO;
				MTL_FAST_MATH = YES;
				PRODUCT_NAME = "$(TARGET_NAME)";
				SDKROOT = iphoneos;
				SWIFT_COMPILATION_MODE = wholemodule;
				SWIFT_OPTIMIZATION_LEVEL = "-O";
				SWIFT_VERSION = 5.0;
				TARGETED_DEVICE_FAMILY = "1,2";
			};
			name = Release;
		};
		99A533C38CA4391F613B8864 /* Release */ = {
			isa = XCBuildConfiguration;
			buildSettings = {
				ASSETCATALOG_COMPILER_APPICON_NAME = AppIcon;
				ASSETCATALOG_COMPILER_GLOBAL_ACCENT_COLOR_NAME = AccentColor;
				CODE_SIGN_ENTITLEMENTS = Mayalogy/Mayalogy.entitlements;
				CODE_SIGN_IDENTITY = "iPhone Developer";
				GENERATE_INFOPLIST_FILE = NO;
				INFOPLIST_FILE = Mayalogy/Info.plist;
				INFOPLIST_KEY_UILaunchStoryboardName = LaunchScreen;
				IPHONEOS_DEPLOYMENT_TARGET = 15.0;
				LD_RUNPATH_SEARCH_PATHS = (
					"$(inherited)",
					"@executable_path/Frameworks",
				);
				PRODUCT_BUNDLE_IDENTIFIER = com.maya.astrology;
				SDKROOT = iphoneos;
				TARGETED_DEVICE_FAMILY = "1,2";
			};
			name = Release;
		};
/* End XCBuildConfiguration section */

/* Begin XCConfigurationList section */
		25B59FF1359C601F28D5B666 /* Build configuration list for PBXProject "Mayalogy" */ = {
			isa = XCConfigurationList;
			buildConfigurations = (
				1D8E7BCEFB87AE6D70A46681 /* Debug */,
				3836079112FFE2005C768273 /* Release */,
			);
			defaultConfigurationIsVisible = 0;
			defaultConfigurationName = Debug;
		};
		4A938D4BD7D735D512EB3A4B /* Build configuration list for PBXNativeTarget "Mayalogy" */ = {
			isa = XCConfigurationList;
			buildConfigurations = (
				006909D1FE093B3FD3D54E86 /* Debug */,
				99A533C38CA4391F613B8864 /* Release */,
			);
			defaultConfigurationIsVisible = 0;
			defaultConfigurationName = Debug;
		};
/* End XCConfigurationList section */

/* Begin XCRemoteSwiftPackageReference section */
		67CE8D094D83B7E72328E16C /* XCRemoteSwiftPackageReference "firebase-ios-sdk" */ = {
			isa = XCRemoteSwiftPackageReference;
			repositoryURL = "https://github.com/firebase/firebase-ios-sdk";
			requirement = {
				kind = upToNextMajorVersion;
				minimumVersion = 11.0.0;
			};
		};
/* End XCRemoteSwiftPackageReference section */

/* Begin XCSwiftPackageProductDependency section */
		A9F9507874855F21657A0E3E /* FirebaseMessaging */ = {
			isa = XCSwiftPackageProductDependency;
			package = 67CE8D094D83B7E72328E16C /* XCRemoteSwiftPackageReference "firebase-ios-sdk" */;
			productName = FirebaseMessaging;
		};
/* End XCSwiftPackageProductDependency section */
	};
	rootObject = 23AF06D111B26DFB4FF6930E /* Project object */;
}
